
Microsoft Visual Studio Solution File, Format Version 12.00
# Visual Studio Version 17
VisualStudioVersion = 17.6.33815.320
MinimumVisualStudioVersion = 10.0.40219.1
Project("{FAE04EC0-301F-11D3-BF4B-00C04F79EFBC}") = "DevIO.App", "src\DevIO.App\DevIO.App.csproj", "{18F17D54-CA78-4DB5-8EEC-280DB28063A1}"
EndProject
Project("{FAE04EC0-301F-11D3-BF4B-00C04F79EFBC}") = "DevIO.Business", "src\DevIO.Business\DevIO.Business.csproj", "{AA3BE7AE-954E-4ED2-90B3-7B3A0A4F936D}"
EndProject
Project("{FAE04EC0-301F-11D3-BF4B-00C04F79EFBC}") = "DevIO.Data", "src\DevIO.Data\DevIO.Data.csproj", "{BBA2BAB9-6512-46A6-B603-EBF1326BFD9F}"
EndProject
Global
	GlobalSection(SolutionConfigurationPlatforms) = preSolution
		Debug|Any CPU = Debug|Any CPU
		Release|Any CPU = Release|Any CPU
	EndGlobalSection
	GlobalSection(ProjectConfigurationPlatforms) = postSolution
		{18F17D54-CA78-4DB5-8EEC-280DB28063A1}.Debug|Any CPU.ActiveCfg = Debug|Any CPU
		{18F17D54-CA78-4DB5-8EEC-280DB28063A1}.Debug|Any CPU.Build.0 = Debug|Any CPU
		{18F17D54-CA78-4DB5-8EEC-280DB28063A1}.Release|Any CPU.ActiveCfg = Release|Any CPU
		{18F17D54-CA78-4DB5-8EEC-280DB28063A1}.Release|Any CPU.Build.0 = Release|Any CPU
		{AA3BE7AE-954E-4ED2-90B3-7B3A0A4F936D}.Debug|Any CPU.ActiveCfg = Debug|Any CPU
		{AA3BE7AE-954E-4ED2-90B3-7B3A0A4F936D}.Debug|Any CPU.Build.0 = Debug|Any CPU
		{AA3BE7AE-954E-4ED2-90B3-7B3A0A4F936D}.Release|Any CPU.ActiveCfg = Release|Any CPU
		{AA3BE7AE-954E-4ED2-90B3-7B3A0A4F936D}.Release|Any CPU.Build.0 = Release|Any CPU
		{BBA2BAB9-6512-46A6-B603-EBF1326BFD9F}.Debug|Any CPU.ActiveCfg = Debug|Any CPU
		{BBA2BAB9-6512-46A6-B603-EBF1326BFD9F}.Debug|Any CPU.Build.0 = Debug|Any CPU
		{BBA2BAB9-6512-46A6-B603-EBF1326BFD9F}.Release|Any CPU.ActiveCfg = Release|Any CPU
		{BBA2BAB9-6512-46A6-B603-EBF1326BFD9F}.Release|Any CPU.Build.0 = Release|Any CPU
	EndGlobalSection
	GlobalSection(SolutionProperties) = preSolution
		HideSolutionNode = FALSE
	EndGlobalSection
	GlobalSection(ExtensibilityGlobals) = postSolution
		SolutionGuid = {9E8EB590-991A-46E9-8F8C-9536BC6FAE9C}
	EndGlobalSection
EndGlobal
